# This file is automatically @generated by Cargo.
# It is not intended for manual editing.
version = 3

[[package]]
name = "bool-algebra"
version = "0.1.0"
source = "git+https://github.com/eeli1/bool-algebra#22b3774697417848d04c1a8c4adcb2fd423a6eba"

[[package]]
name = "hardware-sim"
version = "0.1.0"
dependencies = [
 "bool-algebra",
]
