# This file is automatically @generated by Cargo.
# It is not intended for manual editing.
version = 3

[[package]]
name = "bool-algebra"
version = "0.1.0"
source = "git+https://github.com/eeli1/bool-algebra#a2ad65288a28322b2009817e822d9c7203964216"

[[package]]
name = "graph"
version = "0.1.0"
source = "git+https://github.com/eeli1/graph#73aac0592e2c3a16f39a2d0f6935de60272024d7"

[[package]]
name = "hardware-sim"
version = "0.1.0"
dependencies = [
 "bool-algebra",
 "graph",
]
